
Microsoft Visual Studio Solution File, Format Version 12.00
# Visual Studio Version 17
VisualStudioVersion = 17.3.32819.101
MinimumVisualStudioVersion = 10.0.40219.1
Project("{9A19103F-16F7-4668-BE54-9A1E7A4F7556}") = "C1_Ejercicio01", "C1_Ejercicio01\C1_Ejercicio01.csproj", "{35A011F5-8AF1-4CE4-B859-AADB280F3221}"
EndProject
Project("{2150E333-8FDC-42A3-9474-1A3956D46DE8}") = "Ejercicios guia", "Ejercicios guia", "{AADE6A4B-6263-4996-85A1-D270C84A9904}"
EndProject
Project("{9A19103F-16F7-4668-BE54-9A1E7A4F7556}") = "C1_Ejercicio02", "C1_Ejercicio02\C1_Ejercicio02.csproj", "{2BA7B7AB-D60E-47AF-B4C1-C19D04752C8D}"
EndProject
Project("{2150E333-8FDC-42A3-9474-1A3956D46DE8}") = "Clase 1", "Clase 1", "{ED1CEFDF-3BC4-43E4-9881-8A26E85BF873}"
EndProject
Project("{2150E333-8FDC-42A3-9474-1A3956D46DE8}") = "Clase 2", "Clase 2", "{FE4D1634-CE3A-44DD-98D1-42F134124F11}"
EndProject
Project("{9A19103F-16F7-4668-BE54-9A1E7A4F7556}") = "C2_Ejercicio01", "C2_Ejercicio01\C2_Ejercicio01.csproj", "{D9570B3F-3174-4066-8DEC-A7C4947AD9CD}"
EndProject
Project("{9A19103F-16F7-4668-BE54-9A1E7A4F7556}") = "C1_Ejercicio03", "C1_Ejercicio03\C1_Ejercicio03.csproj", "{E63D8660-7389-4F76-BCC7-5C9C33AF712B}"
EndProject
Project("{9A19103F-16F7-4668-BE54-9A1E7A4F7556}") = "C2_Ejercicio02", "C2_Ejercicio02\C2_Ejercicio02.csproj", "{00D085A0-46AF-43DA-9B03-445BE89934FA}"
	ProjectSection(ProjectDependencies) = postProject
		{D9570B3F-3174-4066-8DEC-A7C4947AD9CD} = {D9570B3F-3174-4066-8DEC-A7C4947AD9CD}
	EndProjectSection
EndProject
Project("{2150E333-8FDC-42A3-9474-1A3956D46DE8}") = "Ejercicios clase", "Ejercicios clase", "{B7FD2867-86EF-4040-B987-3A99F64BE527}"
EndProject
Project("{9A19103F-16F7-4668-BE54-9A1E7A4F7556}") = "C2_EjercicioClase01", "C2_EjercicioClase01\C2_EjercicioClase01.csproj", "{127549B7-392A-42F8-B4D4-A8FB9DF11CE6}"
EndProject
Project("{9A19103F-16F7-4668-BE54-9A1E7A4F7556}") = "C2_Ejercicio03", "C2_Ejercicio03\C2_Ejercicio03.csproj", "{B49C1EF1-6DC5-4903-9B71-370EB7E6C301}"
EndProject
Project("{9A19103F-16F7-4668-BE54-9A1E7A4F7556}") = "C1_Ejercicio04", "C1_Ejercicio04\C1_Ejercicio04.csproj", "{F09BA49C-ACCD-4A50-9E59-BDFFCFAFA852}"
EndProject
Project("{9A19103F-16F7-4668-BE54-9A1E7A4F7556}") = "C2_Ejercicio04", "C2_Ejercicio04\C2_Ejercicio04.csproj", "{CE181F27-C6B5-46B7-BF30-E8EF3344912E}"
EndProject
Project("{2150E333-8FDC-42A3-9474-1A3956D46DE8}") = "Clase 3", "Clase 3", "{A2E7AD64-107C-4186-9665-FEA799E63ACA}"
EndProject
Project("{9A19103F-16F7-4668-BE54-9A1E7A4F7556}") = "C3_Ejercicio01", "C3_Ejercicio01\C3_Ejercicio01.csproj", "{D54A02FD-0C20-43BE-B627-1FBC0B2680F2}"
EndProject
Project("{9A19103F-16F7-4668-BE54-9A1E7A4F7556}") = "C3_Ejercicio02", "C3_Ejercicio02\C3_Ejercicio02.csproj", "{B2A5526E-B927-4A2D-9532-9B307FAB69C1}"
EndProject
Project("{9A19103F-16F7-4668-BE54-9A1E7A4F7556}") = "Entidades", "Entidades\Entidades.csproj", "{9407021A-0A57-4FEB-AED7-368AF3610CCE}"
EndProject
Project("{2150E333-8FDC-42A3-9474-1A3956D46DE8}") = "Biblioteca de clases", "Biblioteca de clases", "{E1C26192-1E08-45FC-887F-189A501AC798}"
EndProject
Project("{9A19103F-16F7-4668-BE54-9A1E7A4F7556}") = "C3_Ejercicio04", "C3_Ejercicio04\C3_Ejercicio04.csproj", "{A3186963-9B96-4152-8B90-1259F2FECCBB}"
EndProject
Project("{9A19103F-16F7-4668-BE54-9A1E7A4F7556}") = "C3_Ejercicio03", "C3_Ejercicio03\C3_Ejercicio03.csproj", "{2E55B723-B7D8-482B-8ABD-11AFB69D0B19}"
EndProject
Project("{2150E333-8FDC-42A3-9474-1A3956D46DE8}") = "Clase 4", "Clase 4", "{EB712F48-2855-4BE9-A0F2-1C3FFD57CB4F}"
EndProject
Project("{9A19103F-16F7-4668-BE54-9A1E7A4F7556}") = "C4_Ejercicio01", "C4_Ejercicio01\C4_Ejercicio01.csproj", "{D6D78810-A3D4-4BFF-8354-99E75F92B309}"
EndProject
Project("{9A19103F-16F7-4668-BE54-9A1E7A4F7556}") = "C4_Ejercicio02", "C4_Ejercicio02\C4_Ejercicio02.csproj", "{93E31FF1-67FD-4E56-BC67-48DC90B9D7F5}"
EndProject
Project("{9A19103F-16F7-4668-BE54-9A1E7A4F7556}") = "Billetera", "Billetera\Billetera.csproj", "{EAB96FA6-8F37-4FC1-B87C-8188887DD2BD}"
EndProject
Project("{9A19103F-16F7-4668-BE54-9A1E7A4F7556}") = "C4_Ejercicio04", "C4_Ejercicio04\C4_Ejercicio04.csproj", "{71C36B8B-ADA5-4E11-8585-90DFBE102289}"
EndProject
Project("{2150E333-8FDC-42A3-9474-1A3956D46DE8}") = "Clase 5", "Clase 5", "{341E117C-49A5-494E-B446-D57F4DDF1F36}"
EndProject
Project("{9A19103F-16F7-4668-BE54-9A1E7A4F7556}") = "C5_Ejercicio01", "C5_Ejercicio01\C5_Ejercicio01.csproj", "{7C6910BF-4586-441C-BAE6-44BA2CAA70A6}"
EndProject
Project("{9A19103F-16F7-4668-BE54-9A1E7A4F7556}") = "C5_Ejercicio02", "C5_Ejercicio02\C5_Ejercicio02.csproj", "{F258AA1B-1045-45F0-8E86-54562E06B110}"
EndProject
Project("{FAE04EC0-301F-11D3-BF4B-00C04F79EFBC}") = "Entidades_C5", "Entidades_C5\Entidades_C5.csproj", "{61863195-04A9-4BCF-B39E-8C7260247B5C}"
EndProject
Global
	GlobalSection(SolutionConfigurationPlatforms) = preSolution
		Debug|Any CPU = Debug|Any CPU
		Release|Any CPU = Release|Any CPU
	EndGlobalSection
	GlobalSection(ProjectConfigurationPlatforms) = postSolution
		{35A011F5-8AF1-4CE4-B859-AADB280F3221}.Debug|Any CPU.ActiveCfg = Debug|Any CPU
		{35A011F5-8AF1-4CE4-B859-AADB280F3221}.Debug|Any CPU.Build.0 = Debug|Any CPU
		{35A011F5-8AF1-4CE4-B859-AADB280F3221}.Release|Any CPU.ActiveCfg = Release|Any CPU
		{35A011F5-8AF1-4CE4-B859-AADB280F3221}.Release|Any CPU.Build.0 = Release|Any CPU
		{2BA7B7AB-D60E-47AF-B4C1-C19D04752C8D}.Debug|Any CPU.ActiveCfg = Debug|Any CPU
		{2BA7B7AB-D60E-47AF-B4C1-C19D04752C8D}.Debug|Any CPU.Build.0 = Debug|Any CPU
		{2BA7B7AB-D60E-47AF-B4C1-C19D04752C8D}.Release|Any CPU.ActiveCfg = Release|Any CPU
		{2BA7B7AB-D60E-47AF-B4C1-C19D04752C8D}.Release|Any CPU.Build.0 = Release|Any CPU
		{D9570B3F-3174-4066-8DEC-A7C4947AD9CD}.Debug|Any CPU.ActiveCfg = Debug|Any CPU
		{D9570B3F-3174-4066-8DEC-A7C4947AD9CD}.Debug|Any CPU.Build.0 = Debug|Any CPU
		{D9570B3F-3174-4066-8DEC-A7C4947AD9CD}.Release|Any CPU.ActiveCfg = Release|Any CPU
		{D9570B3F-3174-4066-8DEC-A7C4947AD9CD}.Release|Any CPU.Build.0 = Release|Any CPU
		{E63D8660-7389-4F76-BCC7-5C9C33AF712B}.Debug|Any CPU.ActiveCfg = Debug|Any CPU
		{E63D8660-7389-4F76-BCC7-5C9C33AF712B}.Debug|Any CPU.Build.0 = Debug|Any CPU
		{E63D8660-7389-4F76-BCC7-5C9C33AF712B}.Release|Any CPU.ActiveCfg = Release|Any CPU
		{E63D8660-7389-4F76-BCC7-5C9C33AF712B}.Release|Any CPU.Build.0 = Release|Any CPU
		{00D085A0-46AF-43DA-9B03-445BE89934FA}.Debug|Any CPU.ActiveCfg = Debug|Any CPU
		{00D085A0-46AF-43DA-9B03-445BE89934FA}.Debug|Any CPU.Build.0 = Debug|Any CPU
		{00D085A0-46AF-43DA-9B03-445BE89934FA}.Release|Any CPU.ActiveCfg = Release|Any CPU
		{00D085A0-46AF-43DA-9B03-445BE89934FA}.Release|Any CPU.Build.0 = Release|Any CPU
		{127549B7-392A-42F8-B4D4-A8FB9DF11CE6}.Debug|Any CPU.ActiveCfg = Debug|Any CPU
		{127549B7-392A-42F8-B4D4-A8FB9DF11CE6}.Debug|Any CPU.Build.0 = Debug|Any CPU
		{127549B7-392A-42F8-B4D4-A8FB9DF11CE6}.Release|Any CPU.ActiveCfg = Release|Any CPU
		{127549B7-392A-42F8-B4D4-A8FB9DF11CE6}.Release|Any CPU.Build.0 = Release|Any CPU
		{B49C1EF1-6DC5-4903-9B71-370EB7E6C301}.Debug|Any CPU.ActiveCfg = Debug|Any CPU
		{B49C1EF1-6DC5-4903-9B71-370EB7E6C301}.Debug|Any CPU.Build.0 = Debug|Any CPU
		{B49C1EF1-6DC5-4903-9B71-370EB7E6C301}.Release|Any CPU.ActiveCfg = Release|Any CPU
		{B49C1EF1-6DC5-4903-9B71-370EB7E6C301}.Release|Any CPU.Build.0 = Release|Any CPU
		{F09BA49C-ACCD-4A50-9E59-BDFFCFAFA852}.Debug|Any CPU.ActiveCfg = Debug|Any CPU
		{F09BA49C-ACCD-4A50-9E59-BDFFCFAFA852}.Debug|Any CPU.Build.0 = Debug|Any CPU
		{F09BA49C-ACCD-4A50-9E59-BDFFCFAFA852}.Release|Any CPU.ActiveCfg = Release|Any CPU
		{F09BA49C-ACCD-4A50-9E59-BDFFCFAFA852}.Release|Any CPU.Build.0 = Release|Any CPU
		{CE181F27-C6B5-46B7-BF30-E8EF3344912E}.Debug|Any CPU.ActiveCfg = Debug|Any CPU
		{CE181F27-C6B5-46B7-BF30-E8EF3344912E}.Debug|Any CPU.Build.0 = Debug|Any CPU
		{CE181F27-C6B5-46B7-BF30-E8EF3344912E}.Release|Any CPU.ActiveCfg = Release|Any CPU
		{CE181F27-C6B5-46B7-BF30-E8EF3344912E}.Release|Any CPU.Build.0 = Release|Any CPU
		{D54A02FD-0C20-43BE-B627-1FBC0B2680F2}.Debug|Any CPU.ActiveCfg = Debug|Any CPU
		{D54A02FD-0C20-43BE-B627-1FBC0B2680F2}.Debug|Any CPU.Build.0 = Debug|Any CPU
		{D54A02FD-0C20-43BE-B627-1FBC0B2680F2}.Release|Any CPU.ActiveCfg = Release|Any CPU
		{D54A02FD-0C20-43BE-B627-1FBC0B2680F2}.Release|Any CPU.Build.0 = Release|Any CPU
		{B2A5526E-B927-4A2D-9532-9B307FAB69C1}.Debug|Any CPU.ActiveCfg = Debug|Any CPU
		{B2A5526E-B927-4A2D-9532-9B307FAB69C1}.Debug|Any CPU.Build.0 = Debug|Any CPU
		{B2A5526E-B927-4A2D-9532-9B307FAB69C1}.Release|Any CPU.ActiveCfg = Release|Any CPU
		{B2A5526E-B927-4A2D-9532-9B307FAB69C1}.Release|Any CPU.Build.0 = Release|Any CPU
		{9407021A-0A57-4FEB-AED7-368AF3610CCE}.Debug|Any CPU.ActiveCfg = Debug|Any CPU
		{9407021A-0A57-4FEB-AED7-368AF3610CCE}.Debug|Any CPU.Build.0 = Debug|Any CPU
		{9407021A-0A57-4FEB-AED7-368AF3610CCE}.Release|Any CPU.ActiveCfg = Release|Any CPU
		{9407021A-0A57-4FEB-AED7-368AF3610CCE}.Release|Any CPU.Build.0 = Release|Any CPU
		{A3186963-9B96-4152-8B90-1259F2FECCBB}.Debug|Any CPU.ActiveCfg = Debug|Any CPU
		{A3186963-9B96-4152-8B90-1259F2FECCBB}.Debug|Any CPU.Build.0 = Debug|Any CPU
		{A3186963-9B96-4152-8B90-1259F2FECCBB}.Release|Any CPU.ActiveCfg = Release|Any CPU
		{A3186963-9B96-4152-8B90-1259F2FECCBB}.Release|Any CPU.Build.0 = Release|Any CPU
		{2E55B723-B7D8-482B-8ABD-11AFB69D0B19}.Debug|Any CPU.ActiveCfg = Debug|Any CPU
		{2E55B723-B7D8-482B-8ABD-11AFB69D0B19}.Debug|Any CPU.Build.0 = Debug|Any CPU
		{2E55B723-B7D8-482B-8ABD-11AFB69D0B19}.Release|Any CPU.ActiveCfg = Release|Any CPU
		{2E55B723-B7D8-482B-8ABD-11AFB69D0B19}.Release|Any CPU.Build.0 = Release|Any CPU
		{D6D78810-A3D4-4BFF-8354-99E75F92B309}.Debug|Any CPU.ActiveCfg = Debug|Any CPU
		{D6D78810-A3D4-4BFF-8354-99E75F92B309}.Debug|Any CPU.Build.0 = Debug|Any CPU
		{D6D78810-A3D4-4BFF-8354-99E75F92B309}.Release|Any CPU.ActiveCfg = Release|Any CPU
		{D6D78810-A3D4-4BFF-8354-99E75F92B309}.Release|Any CPU.Build.0 = Release|Any CPU
		{93E31FF1-67FD-4E56-BC67-48DC90B9D7F5}.Debug|Any CPU.ActiveCfg = Debug|Any CPU
		{93E31FF1-67FD-4E56-BC67-48DC90B9D7F5}.Debug|Any CPU.Build.0 = Debug|Any CPU
		{93E31FF1-67FD-4E56-BC67-48DC90B9D7F5}.Release|Any CPU.ActiveCfg = Release|Any CPU
		{93E31FF1-67FD-4E56-BC67-48DC90B9D7F5}.Release|Any CPU.Build.0 = Release|Any CPU
		{EAB96FA6-8F37-4FC1-B87C-8188887DD2BD}.Debug|Any CPU.ActiveCfg = Debug|Any CPU
		{EAB96FA6-8F37-4FC1-B87C-8188887DD2BD}.Debug|Any CPU.Build.0 = Debug|Any CPU
		{EAB96FA6-8F37-4FC1-B87C-8188887DD2BD}.Release|Any CPU.ActiveCfg = Release|Any CPU
		{EAB96FA6-8F37-4FC1-B87C-8188887DD2BD}.Release|Any CPU.Build.0 = Release|Any CPU
		{71C36B8B-ADA5-4E11-8585-90DFBE102289}.Debug|Any CPU.ActiveCfg = Debug|Any CPU
		{71C36B8B-ADA5-4E11-8585-90DFBE102289}.Debug|Any CPU.Build.0 = Debug|Any CPU
		{71C36B8B-ADA5-4E11-8585-90DFBE102289}.Release|Any CPU.ActiveCfg = Release|Any CPU
		{71C36B8B-ADA5-4E11-8585-90DFBE102289}.Release|Any CPU.Build.0 = Release|Any CPU
		{7C6910BF-4586-441C-BAE6-44BA2CAA70A6}.Debug|Any CPU.ActiveCfg = Debug|Any CPU
		{7C6910BF-4586-441C-BAE6-44BA2CAA70A6}.Debug|Any CPU.Build.0 = Debug|Any CPU
		{7C6910BF-4586-441C-BAE6-44BA2CAA70A6}.Release|Any CPU.ActiveCfg = Release|Any CPU
		{7C6910BF-4586-441C-BAE6-44BA2CAA70A6}.Release|Any CPU.Build.0 = Release|Any CPU
		{F258AA1B-1045-45F0-8E86-54562E06B110}.Debug|Any CPU.ActiveCfg = Debug|Any CPU
		{F258AA1B-1045-45F0-8E86-54562E06B110}.Debug|Any CPU.Build.0 = Debug|Any CPU
		{F258AA1B-1045-45F0-8E86-54562E06B110}.Release|Any CPU.ActiveCfg = Release|Any CPU
		{F258AA1B-1045-45F0-8E86-54562E06B110}.Release|Any CPU.Build.0 = Release|Any CPU
		{61863195-04A9-4BCF-B39E-8C7260247B5C}.Debug|Any CPU.ActiveCfg = Debug|Any CPU
		{61863195-04A9-4BCF-B39E-8C7260247B5C}.Debug|Any CPU.Build.0 = Debug|Any CPU
		{61863195-04A9-4BCF-B39E-8C7260247B5C}.Release|Any CPU.ActiveCfg = Release|Any CPU
		{61863195-04A9-4BCF-B39E-8C7260247B5C}.Release|Any CPU.Build.0 = Release|Any CPU
	EndGlobalSection
	GlobalSection(SolutionProperties) = preSolution
		HideSolutionNode = FALSE
	EndGlobalSection
	GlobalSection(NestedProjects) = preSolution
		{35A011F5-8AF1-4CE4-B859-AADB280F3221} = {ED1CEFDF-3BC4-43E4-9881-8A26E85BF873}
		{2BA7B7AB-D60E-47AF-B4C1-C19D04752C8D} = {ED1CEFDF-3BC4-43E4-9881-8A26E85BF873}
		{ED1CEFDF-3BC4-43E4-9881-8A26E85BF873} = {AADE6A4B-6263-4996-85A1-D270C84A9904}
		{FE4D1634-CE3A-44DD-98D1-42F134124F11} = {AADE6A4B-6263-4996-85A1-D270C84A9904}
		{D9570B3F-3174-4066-8DEC-A7C4947AD9CD} = {FE4D1634-CE3A-44DD-98D1-42F134124F11}
		{E63D8660-7389-4F76-BCC7-5C9C33AF712B} = {ED1CEFDF-3BC4-43E4-9881-8A26E85BF873}
		{00D085A0-46AF-43DA-9B03-445BE89934FA} = {FE4D1634-CE3A-44DD-98D1-42F134124F11}
		{127549B7-392A-42F8-B4D4-A8FB9DF11CE6} = {B7FD2867-86EF-4040-B987-3A99F64BE527}
		{B49C1EF1-6DC5-4903-9B71-370EB7E6C301} = {FE4D1634-CE3A-44DD-98D1-42F134124F11}
		{F09BA49C-ACCD-4A50-9E59-BDFFCFAFA852} = {ED1CEFDF-3BC4-43E4-9881-8A26E85BF873}
		{CE181F27-C6B5-46B7-BF30-E8EF3344912E} = {FE4D1634-CE3A-44DD-98D1-42F134124F11}
		{A2E7AD64-107C-4186-9665-FEA799E63ACA} = {AADE6A4B-6263-4996-85A1-D270C84A9904}
		{D54A02FD-0C20-43BE-B627-1FBC0B2680F2} = {A2E7AD64-107C-4186-9665-FEA799E63ACA}
		{B2A5526E-B927-4A2D-9532-9B307FAB69C1} = {A2E7AD64-107C-4186-9665-FEA799E63ACA}
		{9407021A-0A57-4FEB-AED7-368AF3610CCE} = {E1C26192-1E08-45FC-887F-189A501AC798}
		{A3186963-9B96-4152-8B90-1259F2FECCBB} = {A2E7AD64-107C-4186-9665-FEA799E63ACA}
		{2E55B723-B7D8-482B-8ABD-11AFB69D0B19} = {A2E7AD64-107C-4186-9665-FEA799E63ACA}
		{EB712F48-2855-4BE9-A0F2-1C3FFD57CB4F} = {AADE6A4B-6263-4996-85A1-D270C84A9904}
		{D6D78810-A3D4-4BFF-8354-99E75F92B309} = {EB712F48-2855-4BE9-A0F2-1C3FFD57CB4F}
		{93E31FF1-67FD-4E56-BC67-48DC90B9D7F5} = {EB712F48-2855-4BE9-A0F2-1C3FFD57CB4F}
		{EAB96FA6-8F37-4FC1-B87C-8188887DD2BD} = {E1C26192-1E08-45FC-887F-189A501AC798}
		{71C36B8B-ADA5-4E11-8585-90DFBE102289} = {EB712F48-2855-4BE9-A0F2-1C3FFD57CB4F}
		{341E117C-49A5-494E-B446-D57F4DDF1F36} = {AADE6A4B-6263-4996-85A1-D270C84A9904}
		{7C6910BF-4586-441C-BAE6-44BA2CAA70A6} = {341E117C-49A5-494E-B446-D57F4DDF1F36}
		{F258AA1B-1045-45F0-8E86-54562E06B110} = {341E117C-49A5-494E-B446-D57F4DDF1F36}
		{61863195-04A9-4BCF-B39E-8C7260247B5C} = {E1C26192-1E08-45FC-887F-189A501AC798}
	EndGlobalSection
	GlobalSection(ExtensibilityGlobals) = postSolution
		SolutionGuid = {81D9506B-E8C6-422C-82C8-55D6EE1A2C2E}
	EndGlobalSection
EndGlobal
