
Microsoft Visual Studio Solution File, Format Version 12.00
# Visual Studio Version 17
VisualStudioVersion = 17.3.32819.101
MinimumVisualStudioVersion = 10.0.40219.1
Project("{9A19103F-16F7-4668-BE54-9A1E7A4F7556}") = "C1_Ejercicio01", "C1_Ejercicio01\C1_Ejercicio01.csproj", "{35A011F5-8AF1-4CE4-B859-AADB280F3221}"
EndProject
Project("{2150E333-8FDC-42A3-9474-1A3956D46DE8}") = "Ejercicios guia", "Ejercicios guia", "{AADE6A4B-6263-4996-85A1-D270C84A9904}"
EndProject
Project("{9A19103F-16F7-4668-BE54-9A1E7A4F7556}") = "C1_Ejercicio02", "C1_Ejercicio02\C1_Ejercicio02.csproj", "{2BA7B7AB-D60E-47AF-B4C1-C19D04752C8D}"
EndProject
Project("{2150E333-8FDC-42A3-9474-1A3956D46DE8}") = "Clase PP.1", "Clase PP.1", "{ED1CEFDF-3BC4-43E4-9881-8A26E85BF873}"
EndProject
Project("{2150E333-8FDC-42A3-9474-1A3956D46DE8}") = "Clase PP.2", "Clase PP.2", "{FE4D1634-CE3A-44DD-98D1-42F134124F11}"
EndProject
Project("{9A19103F-16F7-4668-BE54-9A1E7A4F7556}") = "C2_Ejercicio01", "C2_Ejercicio01\C2_Ejercicio01.csproj", "{D9570B3F-3174-4066-8DEC-A7C4947AD9CD}"
EndProject
Project("{9A19103F-16F7-4668-BE54-9A1E7A4F7556}") = "C1_Ejercicio03", "C1_Ejercicio03\C1_Ejercicio03.csproj", "{E63D8660-7389-4F76-BCC7-5C9C33AF712B}"
EndProject
Project("{9A19103F-16F7-4668-BE54-9A1E7A4F7556}") = "C2_Ejercicio02", "C2_Ejercicio02\C2_Ejercicio02.csproj", "{00D085A0-46AF-43DA-9B03-445BE89934FA}"
	ProjectSection(ProjectDependencies) = postProject
		{D9570B3F-3174-4066-8DEC-A7C4947AD9CD} = {D9570B3F-3174-4066-8DEC-A7C4947AD9CD}
	EndProjectSection
EndProject
Project("{2150E333-8FDC-42A3-9474-1A3956D46DE8}") = "Ejercicios clase", "Ejercicios clase", "{B7FD2867-86EF-4040-B987-3A99F64BE527}"
EndProject
Project("{9A19103F-16F7-4668-BE54-9A1E7A4F7556}") = "C2_EjercicioClase01", "C2_EjercicioClase01\C2_EjercicioClase01.csproj", "{127549B7-392A-42F8-B4D4-A8FB9DF11CE6}"
EndProject
Project("{9A19103F-16F7-4668-BE54-9A1E7A4F7556}") = "C2_Ejercicio03", "C2_Ejercicio03\C2_Ejercicio03.csproj", "{B49C1EF1-6DC5-4903-9B71-370EB7E6C301}"
EndProject
Project("{9A19103F-16F7-4668-BE54-9A1E7A4F7556}") = "C1_Ejercicio04", "C1_Ejercicio04\C1_Ejercicio04.csproj", "{F09BA49C-ACCD-4A50-9E59-BDFFCFAFA852}"
EndProject
Project("{9A19103F-16F7-4668-BE54-9A1E7A4F7556}") = "C2_Ejercicio04", "C2_Ejercicio04\C2_Ejercicio04.csproj", "{CE181F27-C6B5-46B7-BF30-E8EF3344912E}"
EndProject
Project("{2150E333-8FDC-42A3-9474-1A3956D46DE8}") = "Clase PP.3", "Clase PP.3", "{A2E7AD64-107C-4186-9665-FEA799E63ACA}"
EndProject
Project("{9A19103F-16F7-4668-BE54-9A1E7A4F7556}") = "C3_Ejercicio01", "C3_Ejercicio01\C3_Ejercicio01.csproj", "{D54A02FD-0C20-43BE-B627-1FBC0B2680F2}"
EndProject
Project("{9A19103F-16F7-4668-BE54-9A1E7A4F7556}") = "C3_Ejercicio02", "C3_Ejercicio02\C3_Ejercicio02.csproj", "{B2A5526E-B927-4A2D-9532-9B307FAB69C1}"
EndProject
Project("{9A19103F-16F7-4668-BE54-9A1E7A4F7556}") = "Entidades", "Entidades\Entidades.csproj", "{9407021A-0A57-4FEB-AED7-368AF3610CCE}"
EndProject
Project("{2150E333-8FDC-42A3-9474-1A3956D46DE8}") = "Biblioteca de clases", "Biblioteca de clases", "{E1C26192-1E08-45FC-887F-189A501AC798}"
EndProject
Project("{9A19103F-16F7-4668-BE54-9A1E7A4F7556}") = "C3_Ejercicio04", "C3_Ejercicio04\C3_Ejercicio04.csproj", "{A3186963-9B96-4152-8B90-1259F2FECCBB}"
EndProject
Project("{9A19103F-16F7-4668-BE54-9A1E7A4F7556}") = "C3_Ejercicio03", "C3_Ejercicio03\C3_Ejercicio03.csproj", "{2E55B723-B7D8-482B-8ABD-11AFB69D0B19}"
EndProject
Project("{2150E333-8FDC-42A3-9474-1A3956D46DE8}") = "Clase PP.4", "Clase PP.4", "{EB712F48-2855-4BE9-A0F2-1C3FFD57CB4F}"
EndProject
Project("{9A19103F-16F7-4668-BE54-9A1E7A4F7556}") = "C4_Ejercicio01", "C4_Ejercicio01\C4_Ejercicio01.csproj", "{D6D78810-A3D4-4BFF-8354-99E75F92B309}"
EndProject
Project("{9A19103F-16F7-4668-BE54-9A1E7A4F7556}") = "C4_Ejercicio02", "C4_Ejercicio02\C4_Ejercicio02.csproj", "{93E31FF1-67FD-4E56-BC67-48DC90B9D7F5}"
EndProject
Project("{9A19103F-16F7-4668-BE54-9A1E7A4F7556}") = "Billetera", "Billetera\Billetera.csproj", "{EAB96FA6-8F37-4FC1-B87C-8188887DD2BD}"
EndProject
Project("{9A19103F-16F7-4668-BE54-9A1E7A4F7556}") = "C4_Ejercicio04", "C4_Ejercicio04\C4_Ejercicio04.csproj", "{71C36B8B-ADA5-4E11-8585-90DFBE102289}"
EndProject
Project("{2150E333-8FDC-42A3-9474-1A3956D46DE8}") = "Clase PP.5", "Clase PP.5", "{341E117C-49A5-494E-B446-D57F4DDF1F36}"
EndProject
Project("{9A19103F-16F7-4668-BE54-9A1E7A4F7556}") = "C5_Ejercicio01", "C5_Ejercicio01\C5_Ejercicio01.csproj", "{7C6910BF-4586-441C-BAE6-44BA2CAA70A6}"
EndProject
Project("{9A19103F-16F7-4668-BE54-9A1E7A4F7556}") = "C5_Ejercicio02", "C5_Ejercicio02\C5_Ejercicio02.csproj", "{F258AA1B-1045-45F0-8E86-54562E06B110}"
EndProject
Project("{9A19103F-16F7-4668-BE54-9A1E7A4F7556}") = "Entidades_C5", "Entidades_C5\Entidades_C5.csproj", "{61863195-04A9-4BCF-B39E-8C7260247B5C}"
EndProject
Project("{2150E333-8FDC-42A3-9474-1A3956D46DE8}") = "Clase PP.6", "Clase PP.6", "{E6E825C7-E707-4FD0-923E-D9FB8D0B046F}"
EndProject
Project("{9A19103F-16F7-4668-BE54-9A1E7A4F7556}") = "C6_Ejercicio01", "C6_Ejercicio01\C6_Ejercicio01.csproj", "{31DAFDB6-B404-42A6-B4F6-95CEE8655324}"
EndProject
Project("{9A19103F-16F7-4668-BE54-9A1E7A4F7556}") = "C6_Ejercicio02", "C6_Ejercicio02\C6_Ejercicio02.csproj", "{2A79FA96-D08A-4443-A938-C8A26361EFAF}"
EndProject
Project("{9A19103F-16F7-4668-BE54-9A1E7A4F7556}") = "C6_Ejercicio03", "C6_Ejercicio03\C6_Ejercicio03.csproj", "{44433509-D1EB-48CB-8B2D-FD3A20489DCF}"
EndProject
Project("{9A19103F-16F7-4668-BE54-9A1E7A4F7556}") = "C6_Ejercicio04", "C6_Ejercicio04\C6_Ejercicio04.csproj", "{F606D9B9-9E16-4C0F-9172-2D3BB061A6A1}"
EndProject
Project("{9A19103F-16F7-4668-BE54-9A1E7A4F7556}") = "Entidades_C6", "Entidades_C6\Entidades_C6.csproj", "{AC9C6177-83D9-40E3-B489-91003543FB6F}"
EndProject
Project("{2150E333-8FDC-42A3-9474-1A3956D46DE8}") = "Clase PP.7", "Clase PP.7", "{73496816-398E-45AD-B27C-A2D6FB8CFDB1}"
EndProject
Project("{9A19103F-16F7-4668-BE54-9A1E7A4F7556}") = "C7_Ejercicio01", "C7_Ejercicio01\C7_Ejercicio01.csproj", "{953915E7-63B1-4810-A850-906BEE5F347A}"
EndProject
Project("{9A19103F-16F7-4668-BE54-9A1E7A4F7556}") = "Entidades_C7", "Entidades_C7\Entidades_C7.csproj", "{25CE8B17-CB36-46E4-8DFE-6225F66CE0E1}"
EndProject
Project("{9A19103F-16F7-4668-BE54-9A1E7A4F7556}") = "C6_EjercicioClaseOffShore", "C6_EjercicioClaseOffShore\C6_EjercicioClaseOffShore.csproj", "{D03D1889-A757-4065-82F8-5DA08DFE161A}"
EndProject
Project("{9A19103F-16F7-4668-BE54-9A1E7A4F7556}") = "Entidades_EjercicioOffShore", "Entidades_EjercicioOffShore\Entidades_EjercicioOffShore.csproj", "{3544FE41-8E48-4C41-8B23-B29E9C7EA484}"
EndProject
Project("{9A19103F-16F7-4668-BE54-9A1E7A4F7556}") = "Entidades_C8", "Entidades_C8\Entidades_C8.csproj", "{93307373-D336-4F9C-B698-DF2AFBBA9B38}"
EndProject
Project("{2150E333-8FDC-42A3-9474-1A3956D46DE8}") = "Clase PP.8", "Clase PP.8", "{7B863946-E4BB-4306-B7C3-BE4FDE46D2DB}"
EndProject
Project("{9A19103F-16F7-4668-BE54-9A1E7A4F7556}") = "C8_Ejercicio01", "C8_Ejercicio01\C8_Ejercicio01.csproj", "{869ED914-219A-48BB-8DF3-B5A0A167056E}"
EndProject
Project("{2150E333-8FDC-42A3-9474-1A3956D46DE8}") = "Ejercicios de prueba", "Ejercicios de prueba", "{3EB325CA-CA86-41B0-94C2-9627D6365159}"
EndProject
Project("{9A19103F-16F7-4668-BE54-9A1E7A4F7556}") = "Ejercicio_listas", "Ejercicio_listas\Ejercicio_listas.csproj", "{223F8C27-A6B5-423A-9002-E1E4F1E5E1B3}"
EndProject
Project("{2150E333-8FDC-42A3-9474-1A3956D46DE8}") = "Clase SP.10", "Clase SP.10", "{CC41190D-07D6-4811-B17B-E040D38A095A}"
EndProject
Project("{9A19103F-16F7-4668-BE54-9A1E7A4F7556}") = "C10_Ejercicio02", "C10_Ejercicio02\C10_Ejercicio02.csproj", "{CA7ADD3B-B44C-4103-8CAC-C0433405474A}"
EndProject
Project("{9A19103F-16F7-4668-BE54-9A1E7A4F7556}") = "Entidades_C10", "Entidades_C10\Entidades_C10.csproj", "{8B0BFFB7-C580-49B3-9FD7-BEDA90570FE0}"
EndProject
Project("{9A19103F-16F7-4668-BE54-9A1E7A4F7556}") = "Ejercicio_Archivos", "Ejercicio_Archivos\Ejercicio_Archivos.csproj", "{A14762B6-ED83-44A4-9F23-A1852310BAC1}"
EndProject
Project("{2150E333-8FDC-42A3-9474-1A3956D46DE8}") = "Clase SP.12", "Clase SP.12", "{9153A232-67B5-4B84-B4BA-036240541B6C}"
EndProject
Project("{9A19103F-16F7-4668-BE54-9A1E7A4F7556}") = "C12_Ejercicio01", "C12_Ejercicio01\C12_Ejercicio01.csproj", "{FB0EB01A-5856-4402-8ECC-30C1E191D9FC}"
EndProject
Project("{9A19103F-16F7-4668-BE54-9A1E7A4F7556}") = "Entidades_C12", "Entidades_C12\Entidades_C12.csproj", "{54CC9E01-9692-4416-AEFE-49516B23D9B9}"
EndProject
Project("{2150E333-8FDC-42A3-9474-1A3956D46DE8}") = "Clase SP.13", "Clase SP.13", "{E055D559-F774-450B-A783-A311025DC8FA}"
EndProject
Project("{FAE04EC0-301F-11D3-BF4B-00C04F79EFBC}") = "Entidades_C13", "Entidades_C13\Entidades_C13.csproj", "{33E8A3E5-BAA7-4D1F-A405-BFA732C7BE0C}"
EndProject
Project("{FAE04EC0-301F-11D3-BF4B-00C04F79EFBC}") = "Ejercicio_Interfaces", "Ejercicio_Interfaces\Ejercicio_Interfaces.csproj", "{879B00DF-5FC8-46D1-B43F-67030557A29F}"
EndProject
Global
	GlobalSection(SolutionConfigurationPlatforms) = preSolution
		Debug|Any CPU = Debug|Any CPU
		Release|Any CPU = Release|Any CPU
	EndGlobalSection
	GlobalSection(ProjectConfigurationPlatforms) = postSolution
		{35A011F5-8AF1-4CE4-B859-AADB280F3221}.Debug|Any CPU.ActiveCfg = Debug|Any CPU
		{35A011F5-8AF1-4CE4-B859-AADB280F3221}.Debug|Any CPU.Build.0 = Debug|Any CPU
		{35A011F5-8AF1-4CE4-B859-AADB280F3221}.Release|Any CPU.ActiveCfg = Release|Any CPU
		{35A011F5-8AF1-4CE4-B859-AADB280F3221}.Release|Any CPU.Build.0 = Release|Any CPU
		{2BA7B7AB-D60E-47AF-B4C1-C19D04752C8D}.Debug|Any CPU.ActiveCfg = Debug|Any CPU
		{2BA7B7AB-D60E-47AF-B4C1-C19D04752C8D}.Debug|Any CPU.Build.0 = Debug|Any CPU
		{2BA7B7AB-D60E-47AF-B4C1-C19D04752C8D}.Release|Any CPU.ActiveCfg = Release|Any CPU
		{2BA7B7AB-D60E-47AF-B4C1-C19D04752C8D}.Release|Any CPU.Build.0 = Release|Any CPU
		{D9570B3F-3174-4066-8DEC-A7C4947AD9CD}.Debug|Any CPU.ActiveCfg = Debug|Any CPU
		{D9570B3F-3174-4066-8DEC-A7C4947AD9CD}.Debug|Any CPU.Build.0 = Debug|Any CPU
		{D9570B3F-3174-4066-8DEC-A7C4947AD9CD}.Release|Any CPU.ActiveCfg = Release|Any CPU
		{D9570B3F-3174-4066-8DEC-A7C4947AD9CD}.Release|Any CPU.Build.0 = Release|Any CPU
		{E63D8660-7389-4F76-BCC7-5C9C33AF712B}.Debug|Any CPU.ActiveCfg = Debug|Any CPU
		{E63D8660-7389-4F76-BCC7-5C9C33AF712B}.Debug|Any CPU.Build.0 = Debug|Any CPU
		{E63D8660-7389-4F76-BCC7-5C9C33AF712B}.Release|Any CPU.ActiveCfg = Release|Any CPU
		{E63D8660-7389-4F76-BCC7-5C9C33AF712B}.Release|Any CPU.Build.0 = Release|Any CPU
		{00D085A0-46AF-43DA-9B03-445BE89934FA}.Debug|Any CPU.ActiveCfg = Debug|Any CPU
		{00D085A0-46AF-43DA-9B03-445BE89934FA}.Debug|Any CPU.Build.0 = Debug|Any CPU
		{00D085A0-46AF-43DA-9B03-445BE89934FA}.Release|Any CPU.ActiveCfg = Release|Any CPU
		{00D085A0-46AF-43DA-9B03-445BE89934FA}.Release|Any CPU.Build.0 = Release|Any CPU
		{127549B7-392A-42F8-B4D4-A8FB9DF11CE6}.Debug|Any CPU.ActiveCfg = Debug|Any CPU
		{127549B7-392A-42F8-B4D4-A8FB9DF11CE6}.Debug|Any CPU.Build.0 = Debug|Any CPU
		{127549B7-392A-42F8-B4D4-A8FB9DF11CE6}.Release|Any CPU.ActiveCfg = Release|Any CPU
		{127549B7-392A-42F8-B4D4-A8FB9DF11CE6}.Release|Any CPU.Build.0 = Release|Any CPU
		{B49C1EF1-6DC5-4903-9B71-370EB7E6C301}.Debug|Any CPU.ActiveCfg = Debug|Any CPU
		{B49C1EF1-6DC5-4903-9B71-370EB7E6C301}.Debug|Any CPU.Build.0 = Debug|Any CPU
		{B49C1EF1-6DC5-4903-9B71-370EB7E6C301}.Release|Any CPU.ActiveCfg = Release|Any CPU
		{B49C1EF1-6DC5-4903-9B71-370EB7E6C301}.Release|Any CPU.Build.0 = Release|Any CPU
		{F09BA49C-ACCD-4A50-9E59-BDFFCFAFA852}.Debug|Any CPU.ActiveCfg = Debug|Any CPU
		{F09BA49C-ACCD-4A50-9E59-BDFFCFAFA852}.Debug|Any CPU.Build.0 = Debug|Any CPU
		{F09BA49C-ACCD-4A50-9E59-BDFFCFAFA852}.Release|Any CPU.ActiveCfg = Release|Any CPU
		{F09BA49C-ACCD-4A50-9E59-BDFFCFAFA852}.Release|Any CPU.Build.0 = Release|Any CPU
		{CE181F27-C6B5-46B7-BF30-E8EF3344912E}.Debug|Any CPU.ActiveCfg = Debug|Any CPU
		{CE181F27-C6B5-46B7-BF30-E8EF3344912E}.Debug|Any CPU.Build.0 = Debug|Any CPU
		{CE181F27-C6B5-46B7-BF30-E8EF3344912E}.Release|Any CPU.ActiveCfg = Release|Any CPU
		{CE181F27-C6B5-46B7-BF30-E8EF3344912E}.Release|Any CPU.Build.0 = Release|Any CPU
		{D54A02FD-0C20-43BE-B627-1FBC0B2680F2}.Debug|Any CPU.ActiveCfg = Debug|Any CPU
		{D54A02FD-0C20-43BE-B627-1FBC0B2680F2}.Debug|Any CPU.Build.0 = Debug|Any CPU
		{D54A02FD-0C20-43BE-B627-1FBC0B2680F2}.Release|Any CPU.ActiveCfg = Release|Any CPU
		{D54A02FD-0C20-43BE-B627-1FBC0B2680F2}.Release|Any CPU.Build.0 = Release|Any CPU
		{B2A5526E-B927-4A2D-9532-9B307FAB69C1}.Debug|Any CPU.ActiveCfg = Debug|Any CPU
		{B2A5526E-B927-4A2D-9532-9B307FAB69C1}.Debug|Any CPU.Build.0 = Debug|Any CPU
		{B2A5526E-B927-4A2D-9532-9B307FAB69C1}.Release|Any CPU.ActiveCfg = Release|Any CPU
		{B2A5526E-B927-4A2D-9532-9B307FAB69C1}.Release|Any CPU.Build.0 = Release|Any CPU
		{9407021A-0A57-4FEB-AED7-368AF3610CCE}.Debug|Any CPU.ActiveCfg = Debug|Any CPU
		{9407021A-0A57-4FEB-AED7-368AF3610CCE}.Debug|Any CPU.Build.0 = Debug|Any CPU
		{9407021A-0A57-4FEB-AED7-368AF3610CCE}.Release|Any CPU.ActiveCfg = Release|Any CPU
		{9407021A-0A57-4FEB-AED7-368AF3610CCE}.Release|Any CPU.Build.0 = Release|Any CPU
		{A3186963-9B96-4152-8B90-1259F2FECCBB}.Debug|Any CPU.ActiveCfg = Debug|Any CPU
		{A3186963-9B96-4152-8B90-1259F2FECCBB}.Debug|Any CPU.Build.0 = Debug|Any CPU
		{A3186963-9B96-4152-8B90-1259F2FECCBB}.Release|Any CPU.ActiveCfg = Release|Any CPU
		{A3186963-9B96-4152-8B90-1259F2FECCBB}.Release|Any CPU.Build.0 = Release|Any CPU
		{2E55B723-B7D8-482B-8ABD-11AFB69D0B19}.Debug|Any CPU.ActiveCfg = Debug|Any CPU
		{2E55B723-B7D8-482B-8ABD-11AFB69D0B19}.Debug|Any CPU.Build.0 = Debug|Any CPU
		{2E55B723-B7D8-482B-8ABD-11AFB69D0B19}.Release|Any CPU.ActiveCfg = Release|Any CPU
		{2E55B723-B7D8-482B-8ABD-11AFB69D0B19}.Release|Any CPU.Build.0 = Release|Any CPU
		{D6D78810-A3D4-4BFF-8354-99E75F92B309}.Debug|Any CPU.ActiveCfg = Debug|Any CPU
		{D6D78810-A3D4-4BFF-8354-99E75F92B309}.Debug|Any CPU.Build.0 = Debug|Any CPU
		{D6D78810-A3D4-4BFF-8354-99E75F92B309}.Release|Any CPU.ActiveCfg = Release|Any CPU
		{D6D78810-A3D4-4BFF-8354-99E75F92B309}.Release|Any CPU.Build.0 = Release|Any CPU
		{93E31FF1-67FD-4E56-BC67-48DC90B9D7F5}.Debug|Any CPU.ActiveCfg = Debug|Any CPU
		{93E31FF1-67FD-4E56-BC67-48DC90B9D7F5}.Debug|Any CPU.Build.0 = Debug|Any CPU
		{93E31FF1-67FD-4E56-BC67-48DC90B9D7F5}.Release|Any CPU.ActiveCfg = Release|Any CPU
		{93E31FF1-67FD-4E56-BC67-48DC90B9D7F5}.Release|Any CPU.Build.0 = Release|Any CPU
		{EAB96FA6-8F37-4FC1-B87C-8188887DD2BD}.Debug|Any CPU.ActiveCfg = Debug|Any CPU
		{EAB96FA6-8F37-4FC1-B87C-8188887DD2BD}.Debug|Any CPU.Build.0 = Debug|Any CPU
		{EAB96FA6-8F37-4FC1-B87C-8188887DD2BD}.Release|Any CPU.ActiveCfg = Release|Any CPU
		{EAB96FA6-8F37-4FC1-B87C-8188887DD2BD}.Release|Any CPU.Build.0 = Release|Any CPU
		{71C36B8B-ADA5-4E11-8585-90DFBE102289}.Debug|Any CPU.ActiveCfg = Debug|Any CPU
		{71C36B8B-ADA5-4E11-8585-90DFBE102289}.Debug|Any CPU.Build.0 = Debug|Any CPU
		{71C36B8B-ADA5-4E11-8585-90DFBE102289}.Release|Any CPU.ActiveCfg = Release|Any CPU
		{71C36B8B-ADA5-4E11-8585-90DFBE102289}.Release|Any CPU.Build.0 = Release|Any CPU
		{7C6910BF-4586-441C-BAE6-44BA2CAA70A6}.Debug|Any CPU.ActiveCfg = Debug|Any CPU
		{7C6910BF-4586-441C-BAE6-44BA2CAA70A6}.Debug|Any CPU.Build.0 = Debug|Any CPU
		{7C6910BF-4586-441C-BAE6-44BA2CAA70A6}.Release|Any CPU.ActiveCfg = Release|Any CPU
		{7C6910BF-4586-441C-BAE6-44BA2CAA70A6}.Release|Any CPU.Build.0 = Release|Any CPU
		{F258AA1B-1045-45F0-8E86-54562E06B110}.Debug|Any CPU.ActiveCfg = Debug|Any CPU
		{F258AA1B-1045-45F0-8E86-54562E06B110}.Debug|Any CPU.Build.0 = Debug|Any CPU
		{F258AA1B-1045-45F0-8E86-54562E06B110}.Release|Any CPU.ActiveCfg = Release|Any CPU
		{F258AA1B-1045-45F0-8E86-54562E06B110}.Release|Any CPU.Build.0 = Release|Any CPU
		{61863195-04A9-4BCF-B39E-8C7260247B5C}.Debug|Any CPU.ActiveCfg = Debug|Any CPU
		{61863195-04A9-4BCF-B39E-8C7260247B5C}.Debug|Any CPU.Build.0 = Debug|Any CPU
		{61863195-04A9-4BCF-B39E-8C7260247B5C}.Release|Any CPU.ActiveCfg = Release|Any CPU
		{61863195-04A9-4BCF-B39E-8C7260247B5C}.Release|Any CPU.Build.0 = Release|Any CPU
		{31DAFDB6-B404-42A6-B4F6-95CEE8655324}.Debug|Any CPU.ActiveCfg = Debug|Any CPU
		{31DAFDB6-B404-42A6-B4F6-95CEE8655324}.Debug|Any CPU.Build.0 = Debug|Any CPU
		{31DAFDB6-B404-42A6-B4F6-95CEE8655324}.Release|Any CPU.ActiveCfg = Release|Any CPU
		{31DAFDB6-B404-42A6-B4F6-95CEE8655324}.Release|Any CPU.Build.0 = Release|Any CPU
		{2A79FA96-D08A-4443-A938-C8A26361EFAF}.Debug|Any CPU.ActiveCfg = Debug|Any CPU
		{2A79FA96-D08A-4443-A938-C8A26361EFAF}.Debug|Any CPU.Build.0 = Debug|Any CPU
		{2A79FA96-D08A-4443-A938-C8A26361EFAF}.Release|Any CPU.ActiveCfg = Release|Any CPU
		{2A79FA96-D08A-4443-A938-C8A26361EFAF}.Release|Any CPU.Build.0 = Release|Any CPU
		{44433509-D1EB-48CB-8B2D-FD3A20489DCF}.Debug|Any CPU.ActiveCfg = Debug|Any CPU
		{44433509-D1EB-48CB-8B2D-FD3A20489DCF}.Debug|Any CPU.Build.0 = Debug|Any CPU
		{44433509-D1EB-48CB-8B2D-FD3A20489DCF}.Release|Any CPU.ActiveCfg = Release|Any CPU
		{44433509-D1EB-48CB-8B2D-FD3A20489DCF}.Release|Any CPU.Build.0 = Release|Any CPU
		{F606D9B9-9E16-4C0F-9172-2D3BB061A6A1}.Debug|Any CPU.ActiveCfg = Debug|Any CPU
		{F606D9B9-9E16-4C0F-9172-2D3BB061A6A1}.Debug|Any CPU.Build.0 = Debug|Any CPU
		{F606D9B9-9E16-4C0F-9172-2D3BB061A6A1}.Release|Any CPU.ActiveCfg = Release|Any CPU
		{F606D9B9-9E16-4C0F-9172-2D3BB061A6A1}.Release|Any CPU.Build.0 = Release|Any CPU
		{AC9C6177-83D9-40E3-B489-91003543FB6F}.Debug|Any CPU.ActiveCfg = Debug|Any CPU
		{AC9C6177-83D9-40E3-B489-91003543FB6F}.Debug|Any CPU.Build.0 = Debug|Any CPU
		{AC9C6177-83D9-40E3-B489-91003543FB6F}.Release|Any CPU.ActiveCfg = Release|Any CPU
		{AC9C6177-83D9-40E3-B489-91003543FB6F}.Release|Any CPU.Build.0 = Release|Any CPU
		{953915E7-63B1-4810-A850-906BEE5F347A}.Debug|Any CPU.ActiveCfg = Debug|Any CPU
		{953915E7-63B1-4810-A850-906BEE5F347A}.Debug|Any CPU.Build.0 = Debug|Any CPU
		{953915E7-63B1-4810-A850-906BEE5F347A}.Release|Any CPU.ActiveCfg = Release|Any CPU
		{953915E7-63B1-4810-A850-906BEE5F347A}.Release|Any CPU.Build.0 = Release|Any CPU
		{25CE8B17-CB36-46E4-8DFE-6225F66CE0E1}.Debug|Any CPU.ActiveCfg = Debug|Any CPU
		{25CE8B17-CB36-46E4-8DFE-6225F66CE0E1}.Debug|Any CPU.Build.0 = Debug|Any CPU
		{25CE8B17-CB36-46E4-8DFE-6225F66CE0E1}.Release|Any CPU.ActiveCfg = Release|Any CPU
		{25CE8B17-CB36-46E4-8DFE-6225F66CE0E1}.Release|Any CPU.Build.0 = Release|Any CPU
		{D03D1889-A757-4065-82F8-5DA08DFE161A}.Debug|Any CPU.ActiveCfg = Debug|Any CPU
		{D03D1889-A757-4065-82F8-5DA08DFE161A}.Debug|Any CPU.Build.0 = Debug|Any CPU
		{D03D1889-A757-4065-82F8-5DA08DFE161A}.Release|Any CPU.ActiveCfg = Release|Any CPU
		{D03D1889-A757-4065-82F8-5DA08DFE161A}.Release|Any CPU.Build.0 = Release|Any CPU
		{3544FE41-8E48-4C41-8B23-B29E9C7EA484}.Debug|Any CPU.ActiveCfg = Debug|Any CPU
		{3544FE41-8E48-4C41-8B23-B29E9C7EA484}.Debug|Any CPU.Build.0 = Debug|Any CPU
		{3544FE41-8E48-4C41-8B23-B29E9C7EA484}.Release|Any CPU.ActiveCfg = Release|Any CPU
		{3544FE41-8E48-4C41-8B23-B29E9C7EA484}.Release|Any CPU.Build.0 = Release|Any CPU
		{93307373-D336-4F9C-B698-DF2AFBBA9B38}.Debug|Any CPU.ActiveCfg = Debug|Any CPU
		{93307373-D336-4F9C-B698-DF2AFBBA9B38}.Debug|Any CPU.Build.0 = Debug|Any CPU
		{93307373-D336-4F9C-B698-DF2AFBBA9B38}.Release|Any CPU.ActiveCfg = Release|Any CPU
		{93307373-D336-4F9C-B698-DF2AFBBA9B38}.Release|Any CPU.Build.0 = Release|Any CPU
		{869ED914-219A-48BB-8DF3-B5A0A167056E}.Debug|Any CPU.ActiveCfg = Debug|Any CPU
		{869ED914-219A-48BB-8DF3-B5A0A167056E}.Debug|Any CPU.Build.0 = Debug|Any CPU
		{869ED914-219A-48BB-8DF3-B5A0A167056E}.Release|Any CPU.ActiveCfg = Release|Any CPU
		{869ED914-219A-48BB-8DF3-B5A0A167056E}.Release|Any CPU.Build.0 = Release|Any CPU
		{223F8C27-A6B5-423A-9002-E1E4F1E5E1B3}.Debug|Any CPU.ActiveCfg = Debug|Any CPU
		{223F8C27-A6B5-423A-9002-E1E4F1E5E1B3}.Debug|Any CPU.Build.0 = Debug|Any CPU
		{223F8C27-A6B5-423A-9002-E1E4F1E5E1B3}.Release|Any CPU.ActiveCfg = Release|Any CPU
		{223F8C27-A6B5-423A-9002-E1E4F1E5E1B3}.Release|Any CPU.Build.0 = Release|Any CPU
		{CA7ADD3B-B44C-4103-8CAC-C0433405474A}.Debug|Any CPU.ActiveCfg = Debug|Any CPU
		{CA7ADD3B-B44C-4103-8CAC-C0433405474A}.Debug|Any CPU.Build.0 = Debug|Any CPU
		{CA7ADD3B-B44C-4103-8CAC-C0433405474A}.Release|Any CPU.ActiveCfg = Release|Any CPU
		{CA7ADD3B-B44C-4103-8CAC-C0433405474A}.Release|Any CPU.Build.0 = Release|Any CPU
		{8B0BFFB7-C580-49B3-9FD7-BEDA90570FE0}.Debug|Any CPU.ActiveCfg = Debug|Any CPU
		{8B0BFFB7-C580-49B3-9FD7-BEDA90570FE0}.Debug|Any CPU.Build.0 = Debug|Any CPU
		{8B0BFFB7-C580-49B3-9FD7-BEDA90570FE0}.Release|Any CPU.ActiveCfg = Release|Any CPU
		{8B0BFFB7-C580-49B3-9FD7-BEDA90570FE0}.Release|Any CPU.Build.0 = Release|Any CPU
		{A14762B6-ED83-44A4-9F23-A1852310BAC1}.Debug|Any CPU.ActiveCfg = Debug|Any CPU
		{A14762B6-ED83-44A4-9F23-A1852310BAC1}.Debug|Any CPU.Build.0 = Debug|Any CPU
		{A14762B6-ED83-44A4-9F23-A1852310BAC1}.Release|Any CPU.ActiveCfg = Release|Any CPU
		{A14762B6-ED83-44A4-9F23-A1852310BAC1}.Release|Any CPU.Build.0 = Release|Any CPU
		{FB0EB01A-5856-4402-8ECC-30C1E191D9FC}.Debug|Any CPU.ActiveCfg = Debug|Any CPU
		{FB0EB01A-5856-4402-8ECC-30C1E191D9FC}.Debug|Any CPU.Build.0 = Debug|Any CPU
		{FB0EB01A-5856-4402-8ECC-30C1E191D9FC}.Release|Any CPU.ActiveCfg = Release|Any CPU
		{FB0EB01A-5856-4402-8ECC-30C1E191D9FC}.Release|Any CPU.Build.0 = Release|Any CPU
		{54CC9E01-9692-4416-AEFE-49516B23D9B9}.Debug|Any CPU.ActiveCfg = Debug|Any CPU
		{54CC9E01-9692-4416-AEFE-49516B23D9B9}.Debug|Any CPU.Build.0 = Debug|Any CPU
		{54CC9E01-9692-4416-AEFE-49516B23D9B9}.Release|Any CPU.ActiveCfg = Release|Any CPU
		{54CC9E01-9692-4416-AEFE-49516B23D9B9}.Release|Any CPU.Build.0 = Release|Any CPU
		{33E8A3E5-BAA7-4D1F-A405-BFA732C7BE0C}.Debug|Any CPU.ActiveCfg = Debug|Any CPU
		{33E8A3E5-BAA7-4D1F-A405-BFA732C7BE0C}.Debug|Any CPU.Build.0 = Debug|Any CPU
		{33E8A3E5-BAA7-4D1F-A405-BFA732C7BE0C}.Release|Any CPU.ActiveCfg = Release|Any CPU
		{33E8A3E5-BAA7-4D1F-A405-BFA732C7BE0C}.Release|Any CPU.Build.0 = Release|Any CPU
		{879B00DF-5FC8-46D1-B43F-67030557A29F}.Debug|Any CPU.ActiveCfg = Debug|Any CPU
		{879B00DF-5FC8-46D1-B43F-67030557A29F}.Debug|Any CPU.Build.0 = Debug|Any CPU
		{879B00DF-5FC8-46D1-B43F-67030557A29F}.Release|Any CPU.ActiveCfg = Release|Any CPU
		{879B00DF-5FC8-46D1-B43F-67030557A29F}.Release|Any CPU.Build.0 = Release|Any CPU
	EndGlobalSection
	GlobalSection(SolutionProperties) = preSolution
		HideSolutionNode = FALSE
	EndGlobalSection
	GlobalSection(NestedProjects) = preSolution
		{35A011F5-8AF1-4CE4-B859-AADB280F3221} = {ED1CEFDF-3BC4-43E4-9881-8A26E85BF873}
		{2BA7B7AB-D60E-47AF-B4C1-C19D04752C8D} = {ED1CEFDF-3BC4-43E4-9881-8A26E85BF873}
		{ED1CEFDF-3BC4-43E4-9881-8A26E85BF873} = {AADE6A4B-6263-4996-85A1-D270C84A9904}
		{FE4D1634-CE3A-44DD-98D1-42F134124F11} = {AADE6A4B-6263-4996-85A1-D270C84A9904}
		{D9570B3F-3174-4066-8DEC-A7C4947AD9CD} = {FE4D1634-CE3A-44DD-98D1-42F134124F11}
		{E63D8660-7389-4F76-BCC7-5C9C33AF712B} = {ED1CEFDF-3BC4-43E4-9881-8A26E85BF873}
		{00D085A0-46AF-43DA-9B03-445BE89934FA} = {FE4D1634-CE3A-44DD-98D1-42F134124F11}
		{127549B7-392A-42F8-B4D4-A8FB9DF11CE6} = {B7FD2867-86EF-4040-B987-3A99F64BE527}
		{B49C1EF1-6DC5-4903-9B71-370EB7E6C301} = {FE4D1634-CE3A-44DD-98D1-42F134124F11}
		{F09BA49C-ACCD-4A50-9E59-BDFFCFAFA852} = {ED1CEFDF-3BC4-43E4-9881-8A26E85BF873}
		{CE181F27-C6B5-46B7-BF30-E8EF3344912E} = {FE4D1634-CE3A-44DD-98D1-42F134124F11}
		{A2E7AD64-107C-4186-9665-FEA799E63ACA} = {AADE6A4B-6263-4996-85A1-D270C84A9904}
		{D54A02FD-0C20-43BE-B627-1FBC0B2680F2} = {A2E7AD64-107C-4186-9665-FEA799E63ACA}
		{B2A5526E-B927-4A2D-9532-9B307FAB69C1} = {A2E7AD64-107C-4186-9665-FEA799E63ACA}
		{9407021A-0A57-4FEB-AED7-368AF3610CCE} = {E1C26192-1E08-45FC-887F-189A501AC798}
		{A3186963-9B96-4152-8B90-1259F2FECCBB} = {A2E7AD64-107C-4186-9665-FEA799E63ACA}
		{2E55B723-B7D8-482B-8ABD-11AFB69D0B19} = {A2E7AD64-107C-4186-9665-FEA799E63ACA}
		{EB712F48-2855-4BE9-A0F2-1C3FFD57CB4F} = {AADE6A4B-6263-4996-85A1-D270C84A9904}
		{D6D78810-A3D4-4BFF-8354-99E75F92B309} = {EB712F48-2855-4BE9-A0F2-1C3FFD57CB4F}
		{93E31FF1-67FD-4E56-BC67-48DC90B9D7F5} = {EB712F48-2855-4BE9-A0F2-1C3FFD57CB4F}
		{EAB96FA6-8F37-4FC1-B87C-8188887DD2BD} = {E1C26192-1E08-45FC-887F-189A501AC798}
		{71C36B8B-ADA5-4E11-8585-90DFBE102289} = {EB712F48-2855-4BE9-A0F2-1C3FFD57CB4F}
		{341E117C-49A5-494E-B446-D57F4DDF1F36} = {AADE6A4B-6263-4996-85A1-D270C84A9904}
		{7C6910BF-4586-441C-BAE6-44BA2CAA70A6} = {341E117C-49A5-494E-B446-D57F4DDF1F36}
		{F258AA1B-1045-45F0-8E86-54562E06B110} = {341E117C-49A5-494E-B446-D57F4DDF1F36}
		{61863195-04A9-4BCF-B39E-8C7260247B5C} = {E1C26192-1E08-45FC-887F-189A501AC798}
		{E6E825C7-E707-4FD0-923E-D9FB8D0B046F} = {AADE6A4B-6263-4996-85A1-D270C84A9904}
		{31DAFDB6-B404-42A6-B4F6-95CEE8655324} = {E6E825C7-E707-4FD0-923E-D9FB8D0B046F}
		{2A79FA96-D08A-4443-A938-C8A26361EFAF} = {E6E825C7-E707-4FD0-923E-D9FB8D0B046F}
		{44433509-D1EB-48CB-8B2D-FD3A20489DCF} = {E6E825C7-E707-4FD0-923E-D9FB8D0B046F}
		{F606D9B9-9E16-4C0F-9172-2D3BB061A6A1} = {E6E825C7-E707-4FD0-923E-D9FB8D0B046F}
		{AC9C6177-83D9-40E3-B489-91003543FB6F} = {E1C26192-1E08-45FC-887F-189A501AC798}
		{73496816-398E-45AD-B27C-A2D6FB8CFDB1} = {AADE6A4B-6263-4996-85A1-D270C84A9904}
		{953915E7-63B1-4810-A850-906BEE5F347A} = {73496816-398E-45AD-B27C-A2D6FB8CFDB1}
		{25CE8B17-CB36-46E4-8DFE-6225F66CE0E1} = {E1C26192-1E08-45FC-887F-189A501AC798}
		{D03D1889-A757-4065-82F8-5DA08DFE161A} = {B7FD2867-86EF-4040-B987-3A99F64BE527}
		{3544FE41-8E48-4C41-8B23-B29E9C7EA484} = {E1C26192-1E08-45FC-887F-189A501AC798}
		{93307373-D336-4F9C-B698-DF2AFBBA9B38} = {E1C26192-1E08-45FC-887F-189A501AC798}
		{7B863946-E4BB-4306-B7C3-BE4FDE46D2DB} = {AADE6A4B-6263-4996-85A1-D270C84A9904}
		{869ED914-219A-48BB-8DF3-B5A0A167056E} = {7B863946-E4BB-4306-B7C3-BE4FDE46D2DB}
		{223F8C27-A6B5-423A-9002-E1E4F1E5E1B3} = {3EB325CA-CA86-41B0-94C2-9627D6365159}
		{CC41190D-07D6-4811-B17B-E040D38A095A} = {AADE6A4B-6263-4996-85A1-D270C84A9904}
		{CA7ADD3B-B44C-4103-8CAC-C0433405474A} = {CC41190D-07D6-4811-B17B-E040D38A095A}
		{8B0BFFB7-C580-49B3-9FD7-BEDA90570FE0} = {E1C26192-1E08-45FC-887F-189A501AC798}
		{A14762B6-ED83-44A4-9F23-A1852310BAC1} = {3EB325CA-CA86-41B0-94C2-9627D6365159}
		{9153A232-67B5-4B84-B4BA-036240541B6C} = {AADE6A4B-6263-4996-85A1-D270C84A9904}
		{FB0EB01A-5856-4402-8ECC-30C1E191D9FC} = {9153A232-67B5-4B84-B4BA-036240541B6C}
		{54CC9E01-9692-4416-AEFE-49516B23D9B9} = {E1C26192-1E08-45FC-887F-189A501AC798}
		{E055D559-F774-450B-A783-A311025DC8FA} = {AADE6A4B-6263-4996-85A1-D270C84A9904}
		{33E8A3E5-BAA7-4D1F-A405-BFA732C7BE0C} = {E1C26192-1E08-45FC-887F-189A501AC798}
		{879B00DF-5FC8-46D1-B43F-67030557A29F} = {3EB325CA-CA86-41B0-94C2-9627D6365159}
	EndGlobalSection
	GlobalSection(ExtensibilityGlobals) = postSolution
		SolutionGuid = {81D9506B-E8C6-422C-82C8-55D6EE1A2C2E}
	EndGlobalSection
EndGlobal
